
Microsoft Visual Studio Solution File, Format Version 12.00
# Visual Studio 2012
Project("{D954291E-2A0B-460D-934E-DC6B0785DB48}") = "STInc", "STInc\STInc.shproj", "{DC4586F0-7C44-4624-9805-DAEFD299FE80}"
EndProject
Project("{FAE04EC0-301F-11D3-BF4B-00C04F79EFBC}") = "STInc.iOS", "iOS\STInc.iOS.csproj", "{03EA1B56-34AA-4647-A924-F62A296AA28F}"
EndProject
Project("{FAE04EC0-301F-11D3-BF4B-00C04F79EFBC}") = "STInc.Droid", "Droid\STInc.Droid.csproj", "{69F26EFF-0401-4569-9E16-0ABFD39CF149}"
EndProject
Project("{FAE04EC0-301F-11D3-BF4B-00C04F79EFBC}") = "STInc.MobileAppService", "MobileAppService\STInc.MobileAppService.csproj", "{1D2E92D2-C96E-4F25-BF60-80F2DD51262B}"
EndProject
Global
	GlobalSection(SolutionConfigurationPlatforms) = preSolution
		Debug|iPhoneSimulator = Debug|iPhoneSimulator
		Release|iPhone = Release|iPhone
		Release|iPhoneSimulator = Release|iPhoneSimulator
		Debug|iPhone = Debug|iPhone
		Debug|Any CPU = Debug|Any CPU
		Release|Any CPU = Release|Any CPU
	EndGlobalSection
	GlobalSection(ProjectConfigurationPlatforms) = postSolution
		{03EA1B56-34AA-4647-A924-F62A296AA28F}.Debug|iPhoneSimulator.ActiveCfg = Debug|iPhoneSimulator
		{03EA1B56-34AA-4647-A924-F62A296AA28F}.Debug|iPhoneSimulator.Build.0 = Debug|iPhoneSimulator
		{03EA1B56-34AA-4647-A924-F62A296AA28F}.Release|iPhone.ActiveCfg = Release|iPhone
		{03EA1B56-34AA-4647-A924-F62A296AA28F}.Release|iPhone.Build.0 = Release|iPhone
		{03EA1B56-34AA-4647-A924-F62A296AA28F}.Release|iPhoneSimulator.ActiveCfg = Release|iPhoneSimulator
		{03EA1B56-34AA-4647-A924-F62A296AA28F}.Release|iPhoneSimulator.Build.0 = Release|iPhoneSimulator
		{03EA1B56-34AA-4647-A924-F62A296AA28F}.Debug|iPhone.ActiveCfg = Debug|iPhone
		{03EA1B56-34AA-4647-A924-F62A296AA28F}.Debug|iPhone.Build.0 = Debug|iPhone
		{03EA1B56-34AA-4647-A924-F62A296AA28F}.Debug|Any CPU.ActiveCfg = Debug|iPhoneSimulator
		{03EA1B56-34AA-4647-A924-F62A296AA28F}.Debug|Any CPU.Build.0 = Debug|iPhoneSimulator
		{03EA1B56-34AA-4647-A924-F62A296AA28F}.Release|Any CPU.ActiveCfg = Release|iPhone
		{03EA1B56-34AA-4647-A924-F62A296AA28F}.Release|Any CPU.Build.0 = Release|iPhone
		{69F26EFF-0401-4569-9E16-0ABFD39CF149}.Debug|iPhoneSimulator.ActiveCfg = Debug|Any CPU
		{69F26EFF-0401-4569-9E16-0ABFD39CF149}.Debug|iPhoneSimulator.Build.0 = Debug|Any CPU
		{69F26EFF-0401-4569-9E16-0ABFD39CF149}.Release|iPhone.ActiveCfg = Release|Any CPU
		{69F26EFF-0401-4569-9E16-0ABFD39CF149}.Release|iPhone.Build.0 = Release|Any CPU
		{69F26EFF-0401-4569-9E16-0ABFD39CF149}.Release|iPhoneSimulator.ActiveCfg = Release|Any CPU
		{69F26EFF-0401-4569-9E16-0ABFD39CF149}.Release|iPhoneSimulator.Build.0 = Release|Any CPU
		{69F26EFF-0401-4569-9E16-0ABFD39CF149}.Debug|iPhone.ActiveCfg = Debug|Any CPU
		{69F26EFF-0401-4569-9E16-0ABFD39CF149}.Debug|iPhone.Build.0 = Debug|Any CPU
		{69F26EFF-0401-4569-9E16-0ABFD39CF149}.Debug|Any CPU.ActiveCfg = Debug|Any CPU
		{69F26EFF-0401-4569-9E16-0ABFD39CF149}.Debug|Any CPU.Build.0 = Debug|Any CPU
		{69F26EFF-0401-4569-9E16-0ABFD39CF149}.Release|Any CPU.ActiveCfg = Release|Any CPU
		{69F26EFF-0401-4569-9E16-0ABFD39CF149}.Release|Any CPU.Build.0 = Release|Any CPU
		{1D2E92D2-C96E-4F25-BF60-80F2DD51262B}.Debug|iPhoneSimulator.ActiveCfg = Debug|Any CPU
		{1D2E92D2-C96E-4F25-BF60-80F2DD51262B}.Debug|iPhoneSimulator.Build.0 = Debug|Any CPU
		{1D2E92D2-C96E-4F25-BF60-80F2DD51262B}.Release|iPhone.ActiveCfg = Release|Any CPU
		{1D2E92D2-C96E-4F25-BF60-80F2DD51262B}.Release|iPhone.Build.0 = Release|Any CPU
		{1D2E92D2-C96E-4F25-BF60-80F2DD51262B}.Release|iPhoneSimulator.ActiveCfg = Release|Any CPU
		{1D2E92D2-C96E-4F25-BF60-80F2DD51262B}.Release|iPhoneSimulator.Build.0 = Release|Any CPU
		{1D2E92D2-C96E-4F25-BF60-80F2DD51262B}.Debug|iPhone.ActiveCfg = Debug|Any CPU
		{1D2E92D2-C96E-4F25-BF60-80F2DD51262B}.Debug|iPhone.Build.0 = Debug|Any CPU
		{1D2E92D2-C96E-4F25-BF60-80F2DD51262B}.Debug|Any CPU.ActiveCfg = Debug|Any CPU
		{1D2E92D2-C96E-4F25-BF60-80F2DD51262B}.Debug|Any CPU.Build.0 = Debug|Any CPU
		{1D2E92D2-C96E-4F25-BF60-80F2DD51262B}.Release|Any CPU.ActiveCfg = Release|Any CPU
		{1D2E92D2-C96E-4F25-BF60-80F2DD51262B}.Release|Any CPU.Build.0 = Release|Any CPU
	EndGlobalSection
EndGlobal
